// !$*UTF8*$!
{
	archiveVersion = 1;
	classes = {
	};
	objectVersion = 77;
	objects = {

/* Begin PBXBuildFile section */
		F3372BC82EFD9792009DECED /* FlagsGG in Frameworks */ = {isa = PBXBuildFile; productRef = F3372BC72EFD9792009DECED /* FlagsGG */; };
		F3F3C1DD2EE3A7F80000102D /* Clerk in Frameworks */ = {isa = PBXBuildFile; productRef = F3F3C1DC2EE3A7F80000102D /* Clerk */; };
/* End PBXBuildFile section */

/* Begin PBXContainerItemProxy section */
		F3F3C1972EE397D50000102D /* PBXContainerItemProxy */ = {
			isa = PBXContainerItemProxy;
			containerPortal = F3F3C17F2EE397CD0000102D /* Project object */;
			proxyType = 1;
			remoteGlobalIDString = F3F3C1862EE397CD0000102D;
			remoteInfo = Interviews;
		};
		F3F3C1A12EE397D50000102D /* PBXContainerItemProxy */ = {
			isa = PBXContainerItemProxy;
			containerPortal = F3F3C17F2EE397CD0000102D /* Project object */;
			proxyType = 1;
			remoteGlobalIDString = F3F3C1862EE397CD0000102D;
			remoteInfo = Interviews;
		};
/* End PBXContainerItemProxy section */

/* Begin PBXFileReference section */
		F382E7982EE6E15200AD1188 /* Interviews.xctestplan */ = {isa = PBXFileReference; lastKnownFileType = text; path = Interviews.xctestplan; sourceTree = "<group>"; };
		F3F3C1872EE397CD0000102D /* Interviews.app */ = {isa = PBXFileReference; explicitFileType = wrapper.application; includeInIndex = 0; path = Interviews.app; sourceTree = BUILT_PRODUCTS_DIR; };
		F3F3C1962EE397D50000102D /* InterviewsTests.xctest */ = {isa = PBXFileReference; explicitFileType = wrapper.cfbundle; includeInIndex = 0; path = InterviewsTests.xctest; sourceTree = BUILT_PRODUCTS_DIR; };
		F3F3C1A02EE397D50000102D /* InterviewsUITests.xctest */ = {isa = PBXFileReference; explicitFileType = wrapper.cfbundle; includeInIndex = 0; path = InterviewsUITests.xctest; sourceTree = BUILT_PRODUCTS_DIR; };
/* End PBXFileReference section */

/* Begin PBXFileSystemSynchronizedBuildFileExceptionSet section */
		F3372BCA2F0040E7009DECED /* Exceptions for "Interviews" folder in "Interviews" target */ = {
			isa = PBXFileSystemSynchronizedBuildFileExceptionSet;
			membershipExceptions = (
				Info.plist,
			);
			target = F3F3C1862EE397CD0000102D /* Interviews */;
		};
/* End PBXFileSystemSynchronizedBuildFileExceptionSet section */

/* Begin PBXFileSystemSynchronizedRootGroup section */
		F3F3C1892EE397CD0000102D /* Interviews */ = {
			isa = PBXFileSystemSynchronizedRootGroup;
			exceptions = (
				F3372BCA2F0040E7009DECED /* Exceptions for "Interviews" folder in "Interviews" target */,
			);
			path = Interviews;
			sourceTree = "<group>";
		};
		F3F3C1992EE397D50000102D /* InterviewsTests */ = {
			isa = PBXFileSystemSynchronizedRootGroup;
			path = InterviewsTests;
			sourceTree = "<group>";
		};
		F3F3C1A32EE397D50000102D /* InterviewsUITests */ = {
			isa = PBXFileSystemSynchronizedRootGroup;
			path = InterviewsUITests;
			sourceTree = "<group>";
		};
/* End PBXFileSystemSynchronizedRootGroup section */

/* Begin PBXFrameworksBuildPhase section */
		F3F3C1842EE397CD0000102D /* Frameworks */ = {
			isa = PBXFrameworksBuildPhase;
			buildActionMask = 2147483647;
			files = (
				F3372BC82EFD9792009DECED /* FlagsGG in Frameworks */,
				F3F3C1DD2EE3A7F80000102D /* Clerk in Frameworks */,
			);
			runOnlyForDeploymentPostprocessing = 0;
		};
		F3F3C1932EE397D50000102D /* Frameworks */ = {
			isa = PBXFrameworksBuildPhase;
			buildActionMask = 2147483647;
			files = (
			);
			runOnlyForDeploymentPostprocessing = 0;
		};
		F3F3C19D2EE397D50000102D /* Frameworks */ = {
			isa = PBXFrameworksBuildPhase;
			buildActionMask = 2147483647;
			files = (
			);
			runOnlyForDeploymentPostprocessing = 0;
		};
/* End PBXFrameworksBuildPhase section */

/* Begin PBXGroup section */
		F3F3C17E2EE397CD0000102D = {
			isa = PBXGroup;
			children = (
				F382E7982EE6E15200AD1188 /* Interviews.xctestplan */,
				F3F3C1892EE397CD0000102D /* Interviews */,
				F3F3C1992EE397D50000102D /* InterviewsTests */,
				F3F3C1A32EE397D50000102D /* InterviewsUITests */,
				F3F3C1882EE397CD0000102D /* Products */,
			);
			sourceTree = "<group>";
		};
		F3F3C1882EE397CD0000102D /* Products */ = {
			isa = PBXGroup;
			children = (
				F3F3C1872EE397CD0000102D /* Interviews.app */,
				F3F3C1962EE397D50000102D /* InterviewsTests.xctest */,
				F3F3C1A02EE397D50000102D /* InterviewsUITests.xctest */,
			);
			name = Products;
			sourceTree = "<group>";
		};
/* End PBXGroup section */

/* Begin PBXNativeTarget section */
		F3F3C1862EE397CD0000102D /* Interviews */ = {
			isa = PBXNativeTarget;
			buildConfigurationList = F3F3C1AA2EE397D50000102D /* Build configuration list for PBXNativeTarget "Interviews" */;
			buildPhases = (
				F3F3C1832EE397CD0000102D /* Sources */,
				F3F3C1842EE397CD0000102D /* Frameworks */,
				F3F3C1852EE397CD0000102D /* Resources */,
			);
			buildRules = (
			);
			dependencies = (
			);
			fileSystemSynchronizedGroups = (
				F3F3C1892EE397CD0000102D /* Interviews */,
			);
			name = Interviews;
			packageProductDependencies = (
				F3F3C1DC2EE3A7F80000102D /* Clerk */,
				F3372BC72EFD9792009DECED /* FlagsGG */,
			);
			productName = Interviews;
			productReference = F3F3C1872EE397CD0000102D /* Interviews.app */;
			productType = "com.apple.product-type.application";
		};
		F3F3C1952EE397D50000102D /* InterviewsTests */ = {
			isa = PBXNativeTarget;
			buildConfigurationList = F3F3C1AD2EE397D50000102D /* Build configuration list for PBXNativeTarget "InterviewsTests" */;
			buildPhases = (
				F3F3C1922EE397D50000102D /* Sources */,
				F3F3C1932EE397D50000102D /* Frameworks */,
				F3F3C1942EE397D50000102D /* Resources */,
			);
			buildRules = (
			);
			dependencies = (
				F3F3C1982EE397D50000102D /* PBXTargetDependency */,
			);
			fileSystemSynchronizedGroups = (
				F3F3C1992EE397D50000102D /* InterviewsTests */,
			);
			name = InterviewsTests;
			packageProductDependencies = (
			);
			productName = InterviewsTests;
			productReference = F3F3C1962EE397D50000102D /* InterviewsTests.xctest */;
			productType = "com.apple.product-type.bundle.unit-test";
		};
		F3F3C19F2EE397D50000102D /* InterviewsUITests */ = {
			isa = PBXNativeTarget;
			buildConfigurationList = F3F3C1B02EE397D50000102D /* Build configuration list for PBXNativeTarget "InterviewsUITests" */;
			buildPhases = (
				F3F3C19C2EE397D50000102D /* Sources */,
				F3F3C19D2EE397D50000102D /* Frameworks */,
				F3F3C19E2EE397D50000102D /* Resources */,
			);
			buildRules = (
			);
			dependencies = (
				F3F3C1A22EE397D50000102D /* PBXTargetDependency */,
			);
			fileSystemSynchronizedGroups = (
				F3F3C1A32EE397D50000102D /* InterviewsUITests */,
			);
			name = InterviewsUITests;
			packageProductDependencies = (
			);
			productName = InterviewsUITests;
			productReference = F3F3C1A02EE397D50000102D /* InterviewsUITests.xctest */;
			productType = "com.apple.product-type.bundle.ui-testing";
		};
/* End PBXNativeTarget section */

/* Begin PBXProject section */
		F3F3C17F2EE397CD0000102D /* Project object */ = {
			isa = PBXProject;
			attributes = {
				BuildIndependentTargetsInParallel = 1;
				LastSwiftUpdateCheck = 2610;
				LastUpgradeCheck = 2620;
				TargetAttributes = {
					F3F3C1862EE397CD0000102D = {
						CreatedOnToolsVersion = 26.1.1;
					};
					F3F3C1952EE397D50000102D = {
						CreatedOnToolsVersion = 26.1.1;
						TestTargetID = F3F3C1862EE397CD0000102D;
					};
					F3F3C19F2EE397D50000102D = {
						CreatedOnToolsVersion = 26.1.1;
						TestTargetID = F3F3C1862EE397CD0000102D;
					};
				};
			};
			buildConfigurationList = F3F3C1822EE397CD0000102D /* Build configuration list for PBXProject "Interviews" */;
			developmentRegion = en;
			hasScannedForEncodings = 0;
			knownRegions = (
				en,
				Base,
			);
			mainGroup = F3F3C17E2EE397CD0000102D;
			minimizedProjectReferenceProxies = 1;
			packageReferences = (
				F3F3C1DB2EE3A7F80000102D /* XCRemoteSwiftPackageReference "clerk-ios" */,
				F3372BC62EFD9792009DECED /* XCRemoteSwiftPackageReference "swift" */,
			);
			preferredProjectObjectVersion = 77;
			productRefGroup = F3F3C1882EE397CD0000102D /* Products */;
			projectDirPath = "";
			projectRoot = "";
			targets = (
				F3F3C1862EE397CD0000102D /* Interviews */,
				F3F3C1952EE397D50000102D /* InterviewsTests */,
				F3F3C19F2EE397D50000102D /* InterviewsUITests */,
			);
		};
/* End PBXProject section */

/* Begin PBXResourcesBuildPhase section */
		F3F3C1852EE397CD0000102D /* Resources */ = {
			isa = PBXResourcesBuildPhase;
			buildActionMask = 2147483647;
			files = (
			);
			runOnlyForDeploymentPostprocessing = 0;
		};
		F3F3C1942EE397D50000102D /* Resources */ = {
			isa = PBXResourcesBuildPhase;
			buildActionMask = 2147483647;
			files = (
			);
			runOnlyForDeploymentPostprocessing = 0;
		};
		F3F3C19E2EE397D50000102D /* Resources */ = {
			isa = PBXResourcesBuildPhase;
			buildActionMask = 2147483647;
			files = (
			);
			runOnlyForDeploymentPostprocessing = 0;
		};
/* End PBXResourcesBuildPhase section */

/* Begin PBXSourcesBuildPhase section */
		F3F3C1832EE397CD0000102D /* Sources */ = {
			isa = PBXSourcesBuildPhase;
			buildActionMask = 2147483647;
			files = (
			);
			runOnlyForDeploymentPostprocessing = 0;
		};
		F3F3C1922EE397D50000102D /* Sources */ = {
			isa = PBXSourcesBuildPhase;
			buildActionMask = 2147483647;
			files = (
			);
			runOnlyForDeploymentPostprocessing = 0;
		};
		F3F3C19C2EE397D50000102D /* Sources */ = {
			isa = PBXSourcesBuildPhase;
			buildActionMask = 2147483647;
			files = (
			);
			runOnlyForDeploymentPostprocessing = 0;
		};
/* End PBXSourcesBuildPhase section */

/* Begin PBXTargetDependency section */
		F3F3C1982EE397D50000102D /* PBXTargetDependency */ = {
			isa = PBXTargetDependency;
			target = F3F3C1862EE397CD0000102D /* Interviews */;
			targetProxy = F3F3C1972EE397D50000102D /* PBXContainerItemProxy */;
		};
		F3F3C1A22EE397D50000102D /* PBXTargetDependency */ = {
			isa = PBXTargetDependency;
			target = F3F3C1862EE397CD0000102D /* Interviews */;
			targetProxy = F3F3C1A12EE397D50000102D /* PBXContainerItemProxy */;
		};
/* End PBXTargetDependency section */

/* Begin XCBuildConfiguration section */
		F3F3C1A82EE397D50000102D /* Debug */ = {
			isa = XCBuildConfiguration;
			buildSettings = {
				ALWAYS_SEARCH_USER_PATHS = NO;
				ASSETCATALOG_COMPILER_GENERATE_SWIFT_ASSET_SYMBOL_EXTENSIONS = YES;
				CLANG_ANALYZER_NONNULL = YES;
				CLANG_ANALYZER_NUMBER_OBJECT_CONVERSION = YES_AGGRESSIVE;
				CLANG_CXX_LANGUAGE_STANDARD = "gnu++20";
				CLANG_ENABLE_MODULES = YES;
				CLANG_ENABLE_OBJC_ARC = YES;
				CLANG_ENABLE_OBJC_WEAK = YES;
				CLANG_WARN_BLOCK_CAPTURE_AUTORELEASING = YES;
				CLANG_WARN_BOOL_CONVERSION = YES;
				CLANG_WARN_COMMA = YES;
				CLANG_WARN_CONSTANT_CONVERSION = YES;
				CLANG_WARN_DEPRECATED_OBJC_IMPLEMENTATIONS = YES;
				CLANG_WARN_DIRECT_OBJC_ISA_USAGE = YES_ERROR;
				CLANG_WARN_DOCUMENTATION_COMMENTS = YES;
				CLANG_WARN_EMPTY_BODY = YES;
				CLANG_WARN_ENUM_CONVERSION = YES;
				CLANG_WARN_INFINITE_RECURSION = YES;
				CLANG_WARN_INT_CONVERSION = YES;
				CLANG_WARN_NON_LITERAL_NULL_CONVERSION = YES;
				CLANG_WARN_OBJC_IMPLICIT_RETAIN_SELF = YES;
				CLANG_WARN_OBJC_LITERAL_CONVERSION = YES;
				CLANG_WARN_OBJC_ROOT_CLASS = YES_ERROR;
				CLANG_WARN_QUOTED_INCLUDE_IN_FRAMEWORK_HEADER = YES;
				CLANG_WARN_RANGE_LOOP_ANALYSIS = YES;
				CLANG_WARN_STRICT_PROTOTYPES = YES;
				CLANG_WARN_SUSPICIOUS_MOVE = YES;
				CLANG_WARN_UNGUARDED_AVAILABILITY = YES_AGGRESSIVE;
				CLANG_WARN_UNREACHABLE_CODE = YES;
				CLANG_WARN__DUPLICATE_METHOD_MATCH = YES;
				COPY_PHASE_STRIP = NO;
				DEBUG_INFORMATION_FORMAT = dwarf;
				DEVELOPMENT_TEAM = RM96X7JX9K;
				ENABLE_STRICT_OBJC_MSGSEND = YES;
				ENABLE_TESTABILITY = YES;
				ENABLE_USER_SCRIPT_SANDBOXING = YES;
				GCC_C_LANGUAGE_STANDARD = gnu17;
				GCC_DYNAMIC_NO_PIC = NO;
				GCC_NO_COMMON_BLOCKS = YES;
				GCC_OPTIMIZATION_LEVEL = 0;
				GCC_PREPROCESSOR_DEFINITIONS = (
					"DEBUG=1",
					"$(inherited)",
				);
				GCC_WARN_64_TO_32_BIT_CONVERSION = YES;
				GCC_WARN_ABOUT_RETURN_TYPE = YES_ERROR;
				GCC_WARN_UNDECLARED_SELECTOR = YES;
				GCC_WARN_UNINITIALIZED_AUTOS = YES_AGGRESSIVE;
				GCC_WARN_UNUSED_FUNCTION = YES;
				GCC_WARN_UNUSED_VARIABLE = YES;
				IPHONEOS_DEPLOYMENT_TARGET = 26.1;
				LOCALIZATION_PREFERS_STRING_CATALOGS = YES;
				MTL_ENABLE_DEBUG_INFO = INCLUDE_SOURCE;
				MTL_FAST_MATH = YES;
				ONLY_ACTIVE_ARCH = YES;
				SDKROOT = iphoneos;
				STRING_CATALOG_GENERATE_SYMBOLS = YES;
				SWIFT_ACTIVE_COMPILATION_CONDITIONS = "DEBUG $(inherited)";
				SWIFT_OPTIMIZATION_LEVEL = "-Onone";
			};
			name = Debug;
		};
		F3F3C1A92EE397D50000102D /* Release */ = {
			isa = XCBuildConfiguration;
			buildSettings = {
				ALWAYS_SEARCH_USER_PATHS = NO;
				ASSETCATALOG_COMPILER_GENERATE_SWIFT_ASSET_SYMBOL_EXTENSIONS = YES;
				CLANG_ANALYZER_NONNULL = YES;
				CLANG_ANALYZER_NUMBER_OBJECT_CONVERSION = YES_AGGRESSIVE;
				CLANG_CXX_LANGUAGE_STANDARD = "gnu++20";
				CLANG_ENABLE_MODULES = YES;
				CLANG_ENABLE_OBJC_ARC = YES;
				CLANG_ENABLE_OBJC_WEAK = YES;
				CLANG_WARN_BLOCK_CAPTURE_AUTORELEASING = YES;
				CLANG_WARN_BOOL_CONVERSION = YES;
				CLANG_WARN_COMMA = YES;
				CLANG_WARN_CONSTANT_CONVERSION = YES;
				CLANG_WARN_DEPRECATED_OBJC_IMPLEMENTATIONS = YES;
				CLANG_WARN_DIRECT_OBJC_ISA_USAGE = YES_ERROR;
				CLANG_WARN_DOCUMENTATION_COMMENTS = YES;
				CLANG_WARN_EMPTY_BODY = YES;
				CLANG_WARN_ENUM_CONVERSION = YES;
				CLANG_WARN_INFINITE_RECURSION = YES;
				CLANG_WARN_INT_CONVERSION = YES;
				CLANG_WARN_NON_LITERAL_NULL_CONVERSION = YES;
				CLANG_WARN_OBJC_IMPLICIT_RETAIN_SELF = YES;
				CLANG_WARN_OBJC_LITERAL_CONVERSION = YES;
				CLANG_WARN_OBJC_ROOT_CLASS = YES_ERROR;
				CLANG_WARN_QUOTED_INCLUDE_IN_FRAMEWORK_HEADER = YES;
				CLANG_WARN_RANGE_LOOP_ANALYSIS = YES;
				CLANG_WARN_STRICT_PROTOTYPES = YES;
				CLANG_WARN_SUSPICIOUS_MOVE = YES;
				CLANG_WARN_UNGUARDED_AVAILABILITY = YES_AGGRESSIVE;
				CLANG_WARN_UNREACHABLE_CODE = YES;
				CLANG_WARN__DUPLICATE_METHOD_MATCH = YES;
				COPY_PHASE_STRIP = NO;
				DEBUG_INFORMATION_FORMAT = "dwarf-with-dsym";
				DEVELOPMENT_TEAM = RM96X7JX9K;
				ENABLE_NS_ASSERTIONS = NO;
				ENABLE_STRICT_OBJC_MSGSEND = YES;
				ENABLE_USER_SCRIPT_SANDBOXING = YES;
				GCC_C_LANGUAGE_STANDARD = gnu17;
				GCC_NO_COMMON_BLOCKS = YES;
				GCC_WARN_64_TO_32_BIT_CONVERSION = YES;
				GCC_WARN_ABOUT_RETURN_TYPE = YES_ERROR;
				GCC_WARN_UNDECLARED_SELECTOR = YES;
				GCC_WARN_UNINITIALIZED_AUTOS = YES_AGGRESSIVE;
				GCC_WARN_UNUSED_FUNCTION = YES;
				GCC_WARN_UNUSED_VARIABLE = YES;
				IPHONEOS_DEPLOYMENT_TARGET = 26.1;
				LOCALIZATION_PREFERS_STRING_CATALOGS = YES;
				MTL_ENABLE_DEBUG_INFO = NO;
				MTL_FAST_MATH = YES;
				SDKROOT = iphoneos;
				STRING_CATALOG_GENERATE_SYMBOLS = YES;
				SWIFT_COMPILATION_MODE = wholemodule;
				VALIDATE_PRODUCT = YES;
			};
			name = Release;
		};
		F3F3C1AB2EE397D50000102D /* Debug */ = {
			isa = XCBuildConfiguration;
			buildSettings = {
				ASSETCATALOG_COMPILER_APPICON_NAME = AppIcon;
				ASSETCATALOG_COMPILER_GLOBAL_ACCENT_COLOR_NAME = AccentColor;
				ASSETCATALOG_COMPILER_INCLUDE_ALL_APPICON_ASSETS = YES;
				CODE_SIGN_STYLE = Automatic;
				CURRENT_PROJECT_VERSION = 1;
				DEVELOPMENT_TEAM = RM96X7JX9K;
				ENABLE_PREVIEWS = YES;
				GENERATE_INFOPLIST_FILE = YES;
				INFOPLIST_FILE = Interviews/Info.plist;
				INFOPLIST_KEY_CFBundleDisplayName = Interviews.tool;
				INFOPLIST_KEY_ITSAppUsesNonExemptEncryption = NO;
				INFOPLIST_KEY_LSApplicationCategoryType = "public.app-category.lifestyle";
				INFOPLIST_KEY_UIApplicationSceneManifest_Generation = YES;
				INFOPLIST_KEY_UIApplicationSupportsIndirectInputEvents = YES;
				INFOPLIST_KEY_UILaunchScreen_Generation = YES;
				INFOPLIST_KEY_UISupportedInterfaceOrientations = UIInterfaceOrientationPortrait;
				INFOPLIST_KEY_UISupportedInterfaceOrientations_iPad = "UIInterfaceOrientationLandscapeLeft UIInterfaceOrientationLandscapeRight UIInterfaceOrientationPortrait UIInterfaceOrientationPortraitUpsideDown";
				LD_RUNPATH_SEARCH_PATHS = (
					"$(inherited)",
					"@executable_path/Frameworks",
				);
				MARKETING_VERSION = 1.5;
				PRODUCT_BUNDLE_IDENTIFIER = tools.interviews.Interviews;
				PRODUCT_NAME = "$(TARGET_NAME)";
				STRING_CATALOG_GENERATE_SYMBOLS = YES;
				SWIFT_APPROACHABLE_CONCURRENCY = YES;
				SWIFT_DEFAULT_ACTOR_ISOLATION = MainActor;
				SWIFT_EMIT_LOC_STRINGS = YES;
				SWIFT_UPCOMING_FEATURE_MEMBER_IMPORT_VISIBILITY = YES;
				SWIFT_VERSION = 5.0;
				TARGETED_DEVICE_FAMILY = "1,2";
			};
			name = Debug;
		};
		F3F3C1AC2EE397D50000102D /* Release */ = {
			isa = XCBuildConfiguration;
			buildSettings = {
				ASSETCATALOG_COMPILER_APPICON_NAME = AppIcon;
				ASSETCATALOG_COMPILER_GLOBAL_ACCENT_COLOR_NAME = AccentColor;
				ASSETCATALOG_COMPILER_INCLUDE_ALL_APPICON_ASSETS = YES;
				CODE_SIGN_STYLE = Automatic;
				CURRENT_PROJECT_VERSION = 1;
				DEVELOPMENT_TEAM = RM96X7JX9K;
				ENABLE_PREVIEWS = YES;
				GENERATE_INFOPLIST_FILE = YES;
				INFOPLIST_FILE = Interviews/Info.plist;
				INFOPLIST_KEY_CFBundleDisplayName = Interviews.tool;
				INFOPLIST_KEY_ITSAppUsesNonExemptEncryption = NO;
				INFOPLIST_KEY_LSApplicationCategoryType = "public.app-category.lifestyle";
				INFOPLIST_KEY_UIApplicationSceneManifest_Generation = YES;
				INFOPLIST_KEY_UIApplicationSupportsIndirectInputEvents = YES;
				INFOPLIST_KEY_UILaunchScreen_Generation = YES;
				INFOPLIST_KEY_UISupportedInterfaceOrientations = UIInterfaceOrientationPortrait;
				INFOPLIST_KEY_UISupportedInterfaceOrientations_iPad = "UIInterfaceOrientationLandscapeLeft UIInterfaceOrientationLandscapeRight UIInterfaceOrientationPortrait UIInterfaceOrientationPortraitUpsideDown";
				LD_RUNPATH_SEARCH_PATHS = (
					"$(inherited)",
					"@executable_path/Frameworks",
				);
				MARKETING_VERSION = 1.5;
				PRODUCT_BUNDLE_IDENTIFIER = tools.interviews.Interviews;
				PRODUCT_NAME = "$(TARGET_NAME)";
				STRING_CATALOG_GENERATE_SYMBOLS = YES;
				SWIFT_APPROACHABLE_CONCURRENCY = YES;
				SWIFT_DEFAULT_ACTOR_ISOLATION = MainActor;
				SWIFT_EMIT_LOC_STRINGS = YES;
				SWIFT_UPCOMING_FEATURE_MEMBER_IMPORT_VISIBILITY = YES;
				SWIFT_VERSION = 5.0;
				TARGETED_DEVICE_FAMILY = "1,2";
			};
			name = Release;
		};
		F3F3C1AE2EE397D50000102D /* Debug */ = {
			isa = XCBuildConfiguration;
			buildSettings = {
				BUNDLE_LOADER = "$(TEST_HOST)";
				CODE_SIGN_STYLE = Automatic;
				CURRENT_PROJECT_VERSION = 1;
				DEVELOPMENT_TEAM = RM96X7JX9K;
				GENERATE_INFOPLIST_FILE = YES;
				IPHONEOS_DEPLOYMENT_TARGET = 26.1;
				MARKETING_VERSION = 1.0;
				PRODUCT_BUNDLE_IDENTIFIER = tools.interviews.InterviewsTests;
				PRODUCT_NAME = "$(TARGET_NAME)";
				STRING_CATALOG_GENERATE_SYMBOLS = NO;
				SWIFT_APPROACHABLE_CONCURRENCY = YES;
				SWIFT_EMIT_LOC_STRINGS = NO;
				SWIFT_UPCOMING_FEATURE_MEMBER_IMPORT_VISIBILITY = YES;
				SWIFT_VERSION = 5.0;
				TARGETED_DEVICE_FAMILY = "1,2";
				TEST_HOST = "$(BUILT_PRODUCTS_DIR)/Interviews.app/$(BUNDLE_EXECUTABLE_FOLDER_PATH)/Interviews";
			};
			name = Debug;
		};
		F3F3C1AF2EE397D50000102D /* Release */ = {
			isa = XCBuildConfiguration;
			buildSettings = {
				BUNDLE_LOADER = "$(TEST_HOST)";
				CODE_SIGN_STYLE = Automatic;
				CURRENT_PROJECT_VERSION = 1;
				DEVELOPMENT_TEAM = RM96X7JX9K;
				GENERATE_INFOPLIST_FILE = YES;
				IPHONEOS_DEPLOYMENT_TARGET = 26.1;
				MARKETING_VERSION = 1.0;
				PRODUCT_BUNDLE_IDENTIFIER = tools.interviews.InterviewsTests;
				PRODUCT_NAME = "$(TARGET_NAME)";
				STRING_CATALOG_GENERATE_SYMBOLS = NO;
				SWIFT_APPROACHABLE_CONCURRENCY = YES;
				SWIFT_EMIT_LOC_STRINGS = NO;
				SWIFT_UPCOMING_FEATURE_MEMBER_IMPORT_VISIBILITY = YES;
				SWIFT_VERSION = 5.0;
				TARGETED_DEVICE_FAMILY = "1,2";
				TEST_HOST = "$(BUILT_PRODUCTS_DIR)/Interviews.app/$(BUNDLE_EXECUTABLE_FOLDER_PATH)/Interviews";
			};
			name = Release;
		};
		F3F3C1B12EE397D50000102D /* Debug */ = {
			isa = XCBuildConfiguration;
			buildSettings = {
				CODE_SIGN_STYLE = Automatic;
				CURRENT_PROJECT_VERSION = 1;
				DEVELOPMENT_TEAM = RM96X7JX9K;
				GENERATE_INFOPLIST_FILE = YES;
				MARKETING_VERSION = 1.0;
				PRODUCT_BUNDLE_IDENTIFIER = tools.interviews.InterviewsUITests;
				PRODUCT_NAME = "$(TARGET_NAME)";
				STRING_CATALOG_GENERATE_SYMBOLS = NO;
				SWIFT_APPROACHABLE_CONCURRENCY = YES;
				SWIFT_EMIT_LOC_STRINGS = NO;
				SWIFT_UPCOMING_FEATURE_MEMBER_IMPORT_VISIBILITY = YES;
				SWIFT_VERSION = 5.0;
				TARGETED_DEVICE_FAMILY = "1,2";
				TEST_TARGET_NAME = Interviews;
			};
			name = Debug;
		};
		F3F3C1B22EE397D50000102D /* Release */ = {
			isa = XCBuildConfiguration;
			buildSettings = {
				CODE_SIGN_STYLE = Automatic;
				CURRENT_PROJECT_VERSION = 1;
				DEVELOPMENT_TEAM = RM96X7JX9K;
				GENERATE_INFOPLIST_FILE = YES;
				MARKETING_VERSION = 1.0;
				PRODUCT_BUNDLE_IDENTIFIER = tools.interviews.InterviewsUITests;
				PRODUCT_NAME = "$(TARGET_NAME)";
				STRING_CATALOG_GENERATE_SYMBOLS = NO;
				SWIFT_APPROACHABLE_CONCURRENCY = YES;
				SWIFT_EMIT_LOC_STRINGS = NO;
				SWIFT_UPCOMING_FEATURE_MEMBER_IMPORT_VISIBILITY = YES;
				SWIFT_VERSION = 5.0;
				TARGETED_DEVICE_FAMILY = "1,2";
				TEST_TARGET_NAME = Interviews;
			};
			name = Release;
		};
/* End XCBuildConfiguration section */

/* Begin XCConfigurationList section */
		F3F3C1822EE397CD0000102D /* Build configuration list for PBXProject "Interviews" */ = {
			isa = XCConfigurationList;
			buildConfigurations = (
				F3F3C1A82EE397D50000102D /* Debug */,
				F3F3C1A92EE397D50000102D /* Release */,
			);
			defaultConfigurationIsVisible = 0;
			defaultConfigurationName = Release;
		};
		F3F3C1AA2EE397D50000102D /* Build configuration list for PBXNativeTarget "Interviews" */ = {
			isa = XCConfigurationList;
			buildConfigurations = (
				F3F3C1AB2EE397D50000102D /* Debug */,
				F3F3C1AC2EE397D50000102D /* Release */,
			);
			defaultConfigurationIsVisible = 0;
			defaultConfigurationName = Release;
		};
		F3F3C1AD2EE397D50000102D /* Build configuration list for PBXNativeTarget "InterviewsTests" */ = {
			isa = XCConfigurationList;
			buildConfigurations = (
				F3F3C1AE2EE397D50000102D /* Debug */,
				F3F3C1AF2EE397D50000102D /* Release */,
			);
			defaultConfigurationIsVisible = 0;
			defaultConfigurationName = Release;
		};
		F3F3C1B02EE397D50000102D /* Build configuration list for PBXNativeTarget "InterviewsUITests" */ = {
			isa = XCConfigurationList;
			buildConfigurations = (
				F3F3C1B12EE397D50000102D /* Debug */,
				F3F3C1B22EE397D50000102D /* Release */,
			);
			defaultConfigurationIsVisible = 0;
			defaultConfigurationName = Release;
		};
/* End XCConfigurationList section */

/* Begin XCRemoteSwiftPackageReference section */
		F3372BC62EFD9792009DECED /* XCRemoteSwiftPackageReference "swift" */ = {
			isa = XCRemoteSwiftPackageReference;
			repositoryURL = "https://github.com/flags-gg/swift.git";
			requirement = {
				branch = main;
				kind = branch;
			};
		};
		F3F3C1DB2EE3A7F80000102D /* XCRemoteSwiftPackageReference "clerk-ios" */ = {
			isa = XCRemoteSwiftPackageReference;
			repositoryURL = "https://github.com/clerk/clerk-ios";
			requirement = {
				kind = upToNextMajorVersion;
				minimumVersion = 0.71.2;
			};
		};
/* End XCRemoteSwiftPackageReference section */

/* Begin XCSwiftPackageProductDependency section */
		F3372BC72EFD9792009DECED /* FlagsGG */ = {
			isa = XCSwiftPackageProductDependency;
			package = F3372BC62EFD9792009DECED /* XCRemoteSwiftPackageReference "swift" */;
			productName = FlagsGG;
		};
		F3F3C1DC2EE3A7F80000102D /* Clerk */ = {
			isa = XCSwiftPackageProductDependency;
			package = F3F3C1DB2EE3A7F80000102D /* XCRemoteSwiftPackageReference "clerk-ios" */;
			productName = Clerk;
		};
/* End XCSwiftPackageProductDependency section */
	};
	rootObject = F3F3C17F2EE397CD0000102D /* Project object */;
}
